
Microsoft Visual Studio Solution File, Format Version 12.00
# Visual Studio Version 17
VisualStudioVersion = 17.4.33122.133
MinimumVisualStudioVersion = 10.0.40219.1
Project("{FAE04EC0-301F-11D3-BF4B-00C04F79EFBC}") = "ftp-server", "ftp-server\ftp-server.csproj", "{219492E7-E890-4886-9DC7-4D6361B6E2C0}"
EndProject
Project("{FAE04EC0-301F-11D3-BF4B-00C04F79EFBC}") = "ftp-client", "ftp-client\ftp-client.csproj", "{B2FE29E1-A5D5-4F5C-9FA9-E3D9B1468631}"
EndProject
Global
	GlobalSection(SolutionConfigurationPlatforms) = preSolution
		Debug|Any CPU = Debug|Any CPU
		Debug|x64 = Debug|x64
		Release|Any CPU = Release|Any CPU
		Release|x64 = Release|x64
	EndGlobalSection
	GlobalSection(ProjectConfigurationPlatforms) = postSolution
		{219492E7-E890-4886-9DC7-4D6361B6E2C0}.Debug|Any CPU.ActiveCfg = Debug|Any CPU
		{219492E7-E890-4886-9DC7-4D6361B6E2C0}.Debug|Any CPU.Build.0 = Debug|Any CPU
		{219492E7-E890-4886-9DC7-4D6361B6E2C0}.Debug|x64.ActiveCfg = Debug|x64
		{219492E7-E890-4886-9DC7-4D6361B6E2C0}.Debug|x64.Build.0 = Debug|x64
		{219492E7-E890-4886-9DC7-4D6361B6E2C0}.Release|Any CPU.ActiveCfg = Release|Any CPU
		{219492E7-E890-4886-9DC7-4D6361B6E2C0}.Release|Any CPU.Build.0 = Release|Any CPU
		{219492E7-E890-4886-9DC7-4D6361B6E2C0}.Release|x64.ActiveCfg = Release|x64
		{219492E7-E890-4886-9DC7-4D6361B6E2C0}.Release|x64.Build.0 = Release|x64
		{B2FE29E1-A5D5-4F5C-9FA9-E3D9B1468631}.Debug|Any CPU.ActiveCfg = Debug|Any CPU
		{B2FE29E1-A5D5-4F5C-9FA9-E3D9B1468631}.Debug|Any CPU.Build.0 = Debug|Any CPU
		{B2FE29E1-A5D5-4F5C-9FA9-E3D9B1468631}.Debug|x64.ActiveCfg = Debug|Any CPU
		{B2FE29E1-A5D5-4F5C-9FA9-E3D9B1468631}.Debug|x64.Build.0 = Debug|Any CPU
		{B2FE29E1-A5D5-4F5C-9FA9-E3D9B1468631}.Release|Any CPU.ActiveCfg = Release|Any CPU
		{B2FE29E1-A5D5-4F5C-9FA9-E3D9B1468631}.Release|Any CPU.Build.0 = Release|Any CPU
		{B2FE29E1-A5D5-4F5C-9FA9-E3D9B1468631}.Release|x64.ActiveCfg = Release|Any CPU
		{B2FE29E1-A5D5-4F5C-9FA9-E3D9B1468631}.Release|x64.Build.0 = Release|Any CPU
	EndGlobalSection
	GlobalSection(SolutionProperties) = preSolution
		HideSolutionNode = FALSE
	EndGlobalSection
	GlobalSection(ExtensibilityGlobals) = postSolution
		SolutionGuid = {A7393E01-4039-4BF5-8E3D-9689FB4096E1}
	EndGlobalSection
EndGlobal
